
Microsoft Visual Studio Solution File, Format Version 12.00
# Visual Studio Version 16
VisualStudioVersion = 16.0.29519.181
MinimumVisualStudioVersion = 10.0.40219.1
Project("{FAE04EC0-301F-11D3-BF4B-00C04F79EFBC}") = "aspnetcore.ldap", "aspnetcore.ldap\aspnetcore.ldap.csproj", "{E1BACE03-84D4-4197-A770-929C75236243}"
EndProject
Global
	GlobalSection(SolutionConfigurationPlatforms) = preSolution
		Debug|Any CPU = Debug|Any CPU
		Release|Any CPU = Release|Any CPU
	EndGlobalSection
	GlobalSection(ProjectConfigurationPlatforms) = postSolution
		{E1BACE03-84D4-4197-A770-929C75236243}.Debug|Any CPU.ActiveCfg = Debug|Any CPU
		{E1BACE03-84D4-4197-A770-929C75236243}.Debug|Any CPU.Build.0 = Debug|Any CPU
		{E1BACE03-84D4-4197-A770-929C75236243}.Release|Any CPU.ActiveCfg = Release|Any CPU
		{E1BACE03-84D4-4197-A770-929C75236243}.Release|Any CPU.Build.0 = Release|Any CPU
	EndGlobalSection
	GlobalSection(SolutionProperties) = preSolution
		HideSolutionNode = FALSE
	EndGlobalSection
	GlobalSection(ExtensibilityGlobals) = postSolution
		SolutionGuid = {C8F49CED-E2C4-4E6A-B398-34B1B8407B7F}
	EndGlobalSection
EndGlobal
